
Microsoft Visual Studio Solution File, Format Version 12.00
# Visual Studio Version 16
VisualStudioVersion = 16.0.32106.194
MinimumVisualStudioVersion = 10.0.40219.1
Project("{FAE04EC0-301F-11D3-BF4B-00C04F79EFBC}") = "FirstApplication", "FirstApplication\FirstApplication.csproj", "{D18C350C-C140-407B-BD03-85C8D3732FF3}"
EndProject
Project("{FAE04EC0-301F-11D3-BF4B-00C04F79EFBC}") = "Razor", "Razor\Razor.csproj", "{799672A8-13AD-4ABB-8AC2-181C2E64AE12}"
EndProject
Project("{FAE04EC0-301F-11D3-BF4B-00C04F79EFBC}") = "EssentialTools", "EssentialTools\EssentialTools.csproj", "{BE88588A-9152-40F1-8E44-3EFB9BE3CFE3}"
EndProject
Project("{FAE04EC0-301F-11D3-BF4B-00C04F79EFBC}") = "EssentialTools.Tests", "EssentialTools.Tests\EssentialTools.Tests.csproj", "{C10123F9-ECFE-4CFD-854B-FDC991D3A599}"
EndProject
Project("{FAE04EC0-301F-11D3-BF4B-00C04F79EFBC}") = "SportsStore.WebUI", "SportsStore\SportsStore.WebUI.csproj", "{00F250A5-D45C-4C06-A17B-0EE3FCEDA5D4}"
EndProject
Project("{FAE04EC0-301F-11D3-BF4B-00C04F79EFBC}") = "SportsStore.Domain", "SportsStore.Domain\SportsStore.Domain.csproj", "{4D492BBC-4945-49F0-8E28-8C1D362B8F8F}"
EndProject
Project("{FAE04EC0-301F-11D3-BF4B-00C04F79EFBC}") = "SportsStore.Tests", "SportsStore.Tests\SportsStore.Tests.csproj", "{33156143-5B12-4AF4-B534-B8A3D19BF224}"
EndProject
Global
	GlobalSection(SolutionConfigurationPlatforms) = preSolution
		Debug|Any CPU = Debug|Any CPU
		Release|Any CPU = Release|Any CPU
	EndGlobalSection
	GlobalSection(ProjectConfigurationPlatforms) = postSolution
		{D18C350C-C140-407B-BD03-85C8D3732FF3}.Debug|Any CPU.ActiveCfg = Debug|Any CPU
		{D18C350C-C140-407B-BD03-85C8D3732FF3}.Debug|Any CPU.Build.0 = Debug|Any CPU
		{D18C350C-C140-407B-BD03-85C8D3732FF3}.Release|Any CPU.ActiveCfg = Release|Any CPU
		{D18C350C-C140-407B-BD03-85C8D3732FF3}.Release|Any CPU.Build.0 = Release|Any CPU
		{799672A8-13AD-4ABB-8AC2-181C2E64AE12}.Debug|Any CPU.ActiveCfg = Debug|Any CPU
		{799672A8-13AD-4ABB-8AC2-181C2E64AE12}.Debug|Any CPU.Build.0 = Debug|Any CPU
		{799672A8-13AD-4ABB-8AC2-181C2E64AE12}.Release|Any CPU.ActiveCfg = Release|Any CPU
		{799672A8-13AD-4ABB-8AC2-181C2E64AE12}.Release|Any CPU.Build.0 = Release|Any CPU
		{BE88588A-9152-40F1-8E44-3EFB9BE3CFE3}.Debug|Any CPU.ActiveCfg = Debug|Any CPU
		{BE88588A-9152-40F1-8E44-3EFB9BE3CFE3}.Debug|Any CPU.Build.0 = Debug|Any CPU
		{BE88588A-9152-40F1-8E44-3EFB9BE3CFE3}.Release|Any CPU.ActiveCfg = Release|Any CPU
		{BE88588A-9152-40F1-8E44-3EFB9BE3CFE3}.Release|Any CPU.Build.0 = Release|Any CPU
		{C10123F9-ECFE-4CFD-854B-FDC991D3A599}.Debug|Any CPU.ActiveCfg = Debug|Any CPU
		{C10123F9-ECFE-4CFD-854B-FDC991D3A599}.Debug|Any CPU.Build.0 = Debug|Any CPU
		{C10123F9-ECFE-4CFD-854B-FDC991D3A599}.Release|Any CPU.ActiveCfg = Release|Any CPU
		{C10123F9-ECFE-4CFD-854B-FDC991D3A599}.Release|Any CPU.Build.0 = Release|Any CPU
		{00F250A5-D45C-4C06-A17B-0EE3FCEDA5D4}.Debug|Any CPU.ActiveCfg = Debug|Any CPU
		{00F250A5-D45C-4C06-A17B-0EE3FCEDA5D4}.Debug|Any CPU.Build.0 = Debug|Any CPU
		{00F250A5-D45C-4C06-A17B-0EE3FCEDA5D4}.Release|Any CPU.ActiveCfg = Release|Any CPU
		{00F250A5-D45C-4C06-A17B-0EE3FCEDA5D4}.Release|Any CPU.Build.0 = Release|Any CPU
		{4D492BBC-4945-49F0-8E28-8C1D362B8F8F}.Debug|Any CPU.ActiveCfg = Debug|Any CPU
		{4D492BBC-4945-49F0-8E28-8C1D362B8F8F}.Debug|Any CPU.Build.0 = Debug|Any CPU
		{4D492BBC-4945-49F0-8E28-8C1D362B8F8F}.Release|Any CPU.ActiveCfg = Release|Any CPU
		{4D492BBC-4945-49F0-8E28-8C1D362B8F8F}.Release|Any CPU.Build.0 = Release|Any CPU
		{33156143-5B12-4AF4-B534-B8A3D19BF224}.Debug|Any CPU.ActiveCfg = Debug|Any CPU
		{33156143-5B12-4AF4-B534-B8A3D19BF224}.Debug|Any CPU.Build.0 = Debug|Any CPU
		{33156143-5B12-4AF4-B534-B8A3D19BF224}.Release|Any CPU.ActiveCfg = Release|Any CPU
		{33156143-5B12-4AF4-B534-B8A3D19BF224}.Release|Any CPU.Build.0 = Release|Any CPU
	EndGlobalSection
	GlobalSection(SolutionProperties) = preSolution
		HideSolutionNode = FALSE
	EndGlobalSection
	GlobalSection(ExtensibilityGlobals) = postSolution
		SolutionGuid = {E64576F5-7158-4D17-B8F6-86C6F682F3FB}
	EndGlobalSection
EndGlobal
